// !$*UTF8*$!
{
	archiveVersion = 1;
	classes = {
	};
	objectVersion = 56;
	objects = {

/* Begin PBXBuildFile section */
		610329FB2B9D948600EBB3AC /* GoogleService-Info.plist in Resources */ = {isa = PBXBuildFile; fileRef = 610329FA2B9D948600EBB3AC /* GoogleService-Info.plist */; };
		614F56D72B11B81F00E21FE9 /* SpeechView.swift in Sources */ = {isa = PBXBuildFile; fileRef = 614F56D62B11B81F00E21FE9 /* SpeechView.swift */; };
		614F56D92B11B82000E21FE9 /* Assets.xcassets in Resources */ = {isa = PBXBuildFile; fileRef = 614F56D82B11B82000E21FE9 /* Assets.xcassets */; };
		614F56DC2B11B82000E21FE9 /* Preview Assets.xcassets in Resources */ = {isa = PBXBuildFile; fileRef = 614F56DB2B11B82000E21FE9 /* Preview Assets.xcassets */; };
		614F56E62B11B82000E21FE9 /* VoiceYourTextTests.swift in Sources */ = {isa = PBXBuildFile; fileRef = 614F56E52B11B82000E21FE9 /* VoiceYourTextTests.swift */; };
		614F56F02B11B82000E21FE9 /* VoiceYourTextUITests.swift in Sources */ = {isa = PBXBuildFile; fileRef = 614F56EF2B11B82000E21FE9 /* VoiceYourTextUITests.swift */; };
		614F56F22B11B82000E21FE9 /* VoiceYourTextUITestsLaunchTests.swift in Sources */ = {isa = PBXBuildFile; fileRef = 614F56F12B11B82000E21FE9 /* VoiceYourTextUITestsLaunchTests.swift */; };
		614F57002B11D13700E21FE9 /* FirebaseAnalytics in Frameworks */ = {isa = PBXBuildFile; productRef = 614F56FF2B11D13700E21FE9 /* FirebaseAnalytics */; };
		614F57042B11D91800E21FE9 /* SpeechText.xcdatamodeld in Sources */ = {isa = PBXBuildFile; fileRef = 614F57022B11D91800E21FE9 /* SpeechText.xcdatamodeld */; };
		614F57062B11DC8E00E21FE9 /* SpeechTextRepository.swift in Sources */ = {isa = PBXBuildFile; fileRef = 614F57052B11DC8E00E21FE9 /* SpeechTextRepository.swift */; };
		614F570C2B12542200E21FE9 /* ComposableArchitecture in Frameworks */ = {isa = PBXBuildFile; productRef = 614F570A2B11EE7C00E21FE9 /* ComposableArchitecture */; };
		6183DC5C2B89732600183220 /* VoiceYourTextApp.swift in Sources */ = {isa = PBXBuildFile; fileRef = 6183DC5B2B89732600183220 /* VoiceYourTextApp.swift */; };
		61958AF52B2DF38D00C09949 /* UserDefaultsManager.swift in Sources */ = {isa = PBXBuildFile; fileRef = 61958AF42B2DF38D00C09949 /* UserDefaultsManager.swift */; };
		619AE5ED2BAD5AA300CE4C4C /* AdmobBannerView.swift in Sources */ = {isa = PBXBuildFile; fileRef = 619AE5EC2BAD5AA300CE4C4C /* AdmobBannerView.swift */; };
		619AE5F02BAD5AEB00CE4C4C /* GoogleMobileAds in Frameworks */ = {isa = PBXBuildFile; productRef = 619AE5EF2BAD5AEB00CE4C4C /* GoogleMobileAds */; };
		61DEB60C2B7A5CFF00AB9967 /* Localizable.xcstrings in Resources */ = {isa = PBXBuildFile; fileRef = 61DEB60B2B7A5CFF00AB9967 /* Localizable.xcstrings */; };
		61DEB60F2B7A62B400AB9967 /* LanguageSettingView.swift in Sources */ = {isa = PBXBuildFile; fileRef = 61DEB60E2B7A62B400AB9967 /* LanguageSettingView.swift */; };
/* End PBXBuildFile section */

/* Begin PBXContainerItemProxy section */
		614F56E22B11B82000E21FE9 /* PBXContainerItemProxy */ = {
			isa = PBXContainerItemProxy;
			containerPortal = 614F56C92B11B81F00E21FE9 /* Project object */;
			proxyType = 1;
			remoteGlobalIDString = 614F56D02B11B81F00E21FE9;
			remoteInfo = VoiceYourText;
		};
		614F56EC2B11B82000E21FE9 /* PBXContainerItemProxy */ = {
			isa = PBXContainerItemProxy;
			containerPortal = 614F56C92B11B81F00E21FE9 /* Project object */;
			proxyType = 1;
			remoteGlobalIDString = 614F56D02B11B81F00E21FE9;
			remoteInfo = VoiceYourText;
		};
/* End PBXContainerItemProxy section */

/* Begin PBXFileReference section */
		610329FA2B9D948600EBB3AC /* GoogleService-Info.plist */ = {isa = PBXFileReference; fileEncoding = 4; lastKnownFileType = text.plist.xml; path = "GoogleService-Info.plist"; sourceTree = "<group>"; };
		614F56D12B11B81F00E21FE9 /* VoiceYourText.app */ = {isa = PBXFileReference; explicitFileType = wrapper.application; includeInIndex = 0; path = VoiceYourText.app; sourceTree = BUILT_PRODUCTS_DIR; };
		614F56D62B11B81F00E21FE9 /* SpeechView.swift */ = {isa = PBXFileReference; lastKnownFileType = sourcecode.swift; path = SpeechView.swift; sourceTree = "<group>"; };
		614F56D82B11B82000E21FE9 /* Assets.xcassets */ = {isa = PBXFileReference; lastKnownFileType = folder.assetcatalog; path = Assets.xcassets; sourceTree = "<group>"; };
		614F56DB2B11B82000E21FE9 /* Preview Assets.xcassets */ = {isa = PBXFileReference; lastKnownFileType = folder.assetcatalog; path = "Preview Assets.xcassets"; sourceTree = "<group>"; };
		614F56E12B11B82000E21FE9 /* VoiceYourTextTests.xctest */ = {isa = PBXFileReference; explicitFileType = wrapper.cfbundle; includeInIndex = 0; path = VoiceYourTextTests.xctest; sourceTree = BUILT_PRODUCTS_DIR; };
		614F56E52B11B82000E21FE9 /* VoiceYourTextTests.swift */ = {isa = PBXFileReference; lastKnownFileType = sourcecode.swift; path = VoiceYourTextTests.swift; sourceTree = "<group>"; };
		614F56EB2B11B82000E21FE9 /* VoiceYourTextUITests.xctest */ = {isa = PBXFileReference; explicitFileType = wrapper.cfbundle; includeInIndex = 0; path = VoiceYourTextUITests.xctest; sourceTree = BUILT_PRODUCTS_DIR; };
		614F56EF2B11B82000E21FE9 /* VoiceYourTextUITests.swift */ = {isa = PBXFileReference; lastKnownFileType = sourcecode.swift; path = VoiceYourTextUITests.swift; sourceTree = "<group>"; };
		614F56F12B11B82000E21FE9 /* VoiceYourTextUITestsLaunchTests.swift */ = {isa = PBXFileReference; lastKnownFileType = sourcecode.swift; path = VoiceYourTextUITestsLaunchTests.swift; sourceTree = "<group>"; };
		614F57032B11D91800E21FE9 /* SpeechText.xcdatamodel */ = {isa = PBXFileReference; lastKnownFileType = wrapper.xcdatamodel; path = SpeechText.xcdatamodel; sourceTree = "<group>"; };
		614F57052B11DC8E00E21FE9 /* SpeechTextRepository.swift */ = {isa = PBXFileReference; lastKnownFileType = sourcecode.swift; path = SpeechTextRepository.swift; sourceTree = "<group>"; };
		6183DC5B2B89732600183220 /* VoiceYourTextApp.swift */ = {isa = PBXFileReference; fileEncoding = 4; lastKnownFileType = sourcecode.swift; path = VoiceYourTextApp.swift; sourceTree = "<group>"; };
		61958AF42B2DF38D00C09949 /* UserDefaultsManager.swift */ = {isa = PBXFileReference; lastKnownFileType = sourcecode.swift; path = UserDefaultsManager.swift; sourceTree = "<group>"; };
		619AE5EC2BAD5AA300CE4C4C /* AdmobBannerView.swift */ = {isa = PBXFileReference; lastKnownFileType = sourcecode.swift; path = AdmobBannerView.swift; sourceTree = "<group>"; };
		619AE5F12BAD5BAD00CE4C4C /* Info.plist */ = {isa = PBXFileReference; lastKnownFileType = text.plist.xml; path = Info.plist; sourceTree = "<group>"; };
		61DEB60B2B7A5CFF00AB9967 /* Localizable.xcstrings */ = {isa = PBXFileReference; lastKnownFileType = text.json.xcstrings; path = Localizable.xcstrings; sourceTree = "<group>"; };
		61DEB60E2B7A62B400AB9967 /* LanguageSettingView.swift */ = {isa = PBXFileReference; lastKnownFileType = sourcecode.swift; path = LanguageSettingView.swift; sourceTree = "<group>"; };
/* End PBXFileReference section */

/* Begin PBXFrameworksBuildPhase section */
		614F56CE2B11B81F00E21FE9 /* Frameworks */ = {
			isa = PBXFrameworksBuildPhase;
			buildActionMask = 2147483647;
			files = (
				619AE5F02BAD5AEB00CE4C4C /* GoogleMobileAds in Frameworks */,
				614F570C2B12542200E21FE9 /* ComposableArchitecture in Frameworks */,
				614F57002B11D13700E21FE9 /* FirebaseAnalytics in Frameworks */,
			);
			runOnlyForDeploymentPostprocessing = 0;
		};
		614F56DE2B11B82000E21FE9 /* Frameworks */ = {
			isa = PBXFrameworksBuildPhase;
			buildActionMask = 2147483647;
			files = (
			);
			runOnlyForDeploymentPostprocessing = 0;
		};
		614F56E82B11B82000E21FE9 /* Frameworks */ = {
			isa = PBXFrameworksBuildPhase;
			buildActionMask = 2147483647;
			files = (
			);
			runOnlyForDeploymentPostprocessing = 0;
		};
/* End PBXFrameworksBuildPhase section */

/* Begin PBXGroup section */
		614F56C82B11B81F00E21FE9 = {
			isa = PBXGroup;
			children = (
				614F56D32B11B81F00E21FE9 /* VoiceYourText */,
				614F56E42B11B82000E21FE9 /* VoiceYourTextTests */,
				614F56EE2B11B82000E21FE9 /* VoiceYourTextUITests */,
				614F56D22B11B81F00E21FE9 /* Products */,
			);
			sourceTree = "<group>";
		};
		614F56D22B11B81F00E21FE9 /* Products */ = {
			isa = PBXGroup;
			children = (
				614F56D12B11B81F00E21FE9 /* VoiceYourText.app */,
				614F56E12B11B82000E21FE9 /* VoiceYourTextTests.xctest */,
				614F56EB2B11B82000E21FE9 /* VoiceYourTextUITests.xctest */,
			);
			name = Products;
			sourceTree = "<group>";
		};
		614F56D32B11B81F00E21FE9 /* VoiceYourText */ = {
			isa = PBXGroup;
			children = (
				619AE5F12BAD5BAD00CE4C4C /* Info.plist */,
				610329FA2B9D948600EBB3AC /* GoogleService-Info.plist */,
				6183DC5B2B89732600183220 /* VoiceYourTextApp.swift */,
				61DEB60D2B7A628E00AB9967 /* setting */,
				614F57012B11D8F800E21FE9 /* data */,
				614F56D62B11B81F00E21FE9 /* SpeechView.swift */,
				614F56D82B11B82000E21FE9 /* Assets.xcassets */,
				614F56DA2B11B82000E21FE9 /* Preview Content */,
				61DEB60B2B7A5CFF00AB9967 /* Localizable.xcstrings */,
				619AE5EC2BAD5AA300CE4C4C /* AdmobBannerView.swift */,
			);
			path = VoiceYourText;
			sourceTree = "<group>";
		};
		614F56DA2B11B82000E21FE9 /* Preview Content */ = {
			isa = PBXGroup;
			children = (
				614F56DB2B11B82000E21FE9 /* Preview Assets.xcassets */,
			);
			path = "Preview Content";
			sourceTree = "<group>";
		};
		614F56E42B11B82000E21FE9 /* VoiceYourTextTests */ = {
			isa = PBXGroup;
			children = (
				614F56E52B11B82000E21FE9 /* VoiceYourTextTests.swift */,
			);
			path = VoiceYourTextTests;
			sourceTree = "<group>";
		};
		614F56EE2B11B82000E21FE9 /* VoiceYourTextUITests */ = {
			isa = PBXGroup;
			children = (
				614F56EF2B11B82000E21FE9 /* VoiceYourTextUITests.swift */,
				614F56F12B11B82000E21FE9 /* VoiceYourTextUITestsLaunchTests.swift */,
			);
			path = VoiceYourTextUITests;
			sourceTree = "<group>";
		};
		614F57012B11D8F800E21FE9 /* data */ = {
			isa = PBXGroup;
			children = (
				61958AF42B2DF38D00C09949 /* UserDefaultsManager.swift */,
				614F57022B11D91800E21FE9 /* SpeechText.xcdatamodeld */,
				614F57052B11DC8E00E21FE9 /* SpeechTextRepository.swift */,
			);
			path = data;
			sourceTree = "<group>";
		};
		61DEB60D2B7A628E00AB9967 /* setting */ = {
			isa = PBXGroup;
			children = (
				61DEB60E2B7A62B400AB9967 /* LanguageSettingView.swift */,
			);
			path = setting;
			sourceTree = "<group>";
		};
/* End PBXGroup section */

/* Begin PBXNativeTarget section */
		614F56D02B11B81F00E21FE9 /* VoiceYourText */ = {
			isa = PBXNativeTarget;
			buildConfigurationList = 614F56F52B11B82000E21FE9 /* Build configuration list for PBXNativeTarget "VoiceYourText" */;
			buildPhases = (
				614F56CD2B11B81F00E21FE9 /* Sources */,
				614F56CE2B11B81F00E21FE9 /* Frameworks */,
				614F56CF2B11B81F00E21FE9 /* Resources */,
			);
			buildRules = (
			);
			dependencies = (
			);
			name = VoiceYourText;
			packageProductDependencies = (
				614F56FF2B11D13700E21FE9 /* FirebaseAnalytics */,
				614F570A2B11EE7C00E21FE9 /* ComposableArchitecture */,
				619AE5EF2BAD5AEB00CE4C4C /* GoogleMobileAds */,
			);
			productName = VoiceYourText;
			productReference = 614F56D12B11B81F00E21FE9 /* VoiceYourText.app */;
			productType = "com.apple.product-type.application";
		};
		614F56E02B11B82000E21FE9 /* VoiceYourTextTests */ = {
			isa = PBXNativeTarget;
			buildConfigurationList = 614F56F82B11B82000E21FE9 /* Build configuration list for PBXNativeTarget "VoiceYourTextTests" */;
			buildPhases = (
				614F56DD2B11B82000E21FE9 /* Sources */,
				614F56DE2B11B82000E21FE9 /* Frameworks */,
				614F56DF2B11B82000E21FE9 /* Resources */,
			);
			buildRules = (
			);
			dependencies = (
				614F56E32B11B82000E21FE9 /* PBXTargetDependency */,
			);
			name = VoiceYourTextTests;
			productName = VoiceYourTextTests;
			productReference = 614F56E12B11B82000E21FE9 /* VoiceYourTextTests.xctest */;
			productType = "com.apple.product-type.bundle.unit-test";
		};
		614F56EA2B11B82000E21FE9 /* VoiceYourTextUITests */ = {
			isa = PBXNativeTarget;
			buildConfigurationList = 614F56FB2B11B82000E21FE9 /* Build configuration list for PBXNativeTarget "VoiceYourTextUITests" */;
			buildPhases = (
				614F56E72B11B82000E21FE9 /* Sources */,
				614F56E82B11B82000E21FE9 /* Frameworks */,
				614F56E92B11B82000E21FE9 /* Resources */,
			);
			buildRules = (
			);
			dependencies = (
				614F56ED2B11B82000E21FE9 /* PBXTargetDependency */,
			);
			name = VoiceYourTextUITests;
			productName = VoiceYourTextUITests;
			productReference = 614F56EB2B11B82000E21FE9 /* VoiceYourTextUITests.xctest */;
			productType = "com.apple.product-type.bundle.ui-testing";
		};
/* End PBXNativeTarget section */

/* Begin PBXProject section */
		614F56C92B11B81F00E21FE9 /* Project object */ = {
			isa = PBXProject;
			attributes = {
				BuildIndependentTargetsInParallel = 1;
				LastSwiftUpdateCheck = 1500;
				LastUpgradeCheck = 1500;
				TargetAttributes = {
					614F56D02B11B81F00E21FE9 = {
						CreatedOnToolsVersion = 15.0;
					};
					614F56E02B11B82000E21FE9 = {
						CreatedOnToolsVersion = 15.0;
						TestTargetID = 614F56D02B11B81F00E21FE9;
					};
					614F56EA2B11B82000E21FE9 = {
						CreatedOnToolsVersion = 15.0;
						TestTargetID = 614F56D02B11B81F00E21FE9;
					};
				};
			};
			buildConfigurationList = 614F56CC2B11B81F00E21FE9 /* Build configuration list for PBXProject "VoiceYourText" */;
			compatibilityVersion = "Xcode 14.0";
			developmentRegion = en;
			hasScannedForEncodings = 0;
			knownRegions = (
				en,
				Base,
				ja,
			);
			mainGroup = 614F56C82B11B81F00E21FE9;
			packageReferences = (
				614F56FE2B11D13700E21FE9 /* XCRemoteSwiftPackageReference "firebase-ios-sdk" */,
				614F57092B11EE7C00E21FE9 /* XCRemoteSwiftPackageReference "swift-composable-architecture" */,
				619AE5EE2BAD5AEB00CE4C4C /* XCRemoteSwiftPackageReference "swift-package-manager-google-mobile-ads" */,
			);
			productRefGroup = 614F56D22B11B81F00E21FE9 /* Products */;
			projectDirPath = "";
			projectRoot = "";
			targets = (
				614F56D02B11B81F00E21FE9 /* VoiceYourText */,
				614F56E02B11B82000E21FE9 /* VoiceYourTextTests */,
				614F56EA2B11B82000E21FE9 /* VoiceYourTextUITests */,
			);
		};
/* End PBXProject section */

/* Begin PBXResourcesBuildPhase section */
		614F56CF2B11B81F00E21FE9 /* Resources */ = {
			isa = PBXResourcesBuildPhase;
			buildActionMask = 2147483647;
			files = (
				614F56DC2B11B82000E21FE9 /* Preview Assets.xcassets in Resources */,
				610329FB2B9D948600EBB3AC /* GoogleService-Info.plist in Resources */,
				614F56D92B11B82000E21FE9 /* Assets.xcassets in Resources */,
				61DEB60C2B7A5CFF00AB9967 /* Localizable.xcstrings in Resources */,
			);
			runOnlyForDeploymentPostprocessing = 0;
		};
		614F56DF2B11B82000E21FE9 /* Resources */ = {
			isa = PBXResourcesBuildPhase;
			buildActionMask = 2147483647;
			files = (
			);
			runOnlyForDeploymentPostprocessing = 0;
		};
		614F56E92B11B82000E21FE9 /* Resources */ = {
			isa = PBXResourcesBuildPhase;
			buildActionMask = 2147483647;
			files = (
			);
			runOnlyForDeploymentPostprocessing = 0;
		};
/* End PBXResourcesBuildPhase section */

/* Begin PBXSourcesBuildPhase section */
		614F56CD2B11B81F00E21FE9 /* Sources */ = {
			isa = PBXSourcesBuildPhase;
			buildActionMask = 2147483647;
			files = (
				614F56D72B11B81F00E21FE9 /* SpeechView.swift in Sources */,
				619AE5ED2BAD5AA300CE4C4C /* AdmobBannerView.swift in Sources */,
				61958AF52B2DF38D00C09949 /* UserDefaultsManager.swift in Sources */,
				614F57042B11D91800E21FE9 /* SpeechText.xcdatamodeld in Sources */,
				614F57062B11DC8E00E21FE9 /* SpeechTextRepository.swift in Sources */,
				61DEB60F2B7A62B400AB9967 /* LanguageSettingView.swift in Sources */,
				6183DC5C2B89732600183220 /* VoiceYourTextApp.swift in Sources */,
			);
			runOnlyForDeploymentPostprocessing = 0;
		};
		614F56DD2B11B82000E21FE9 /* Sources */ = {
			isa = PBXSourcesBuildPhase;
			buildActionMask = 2147483647;
			files = (
				614F56E62B11B82000E21FE9 /* VoiceYourTextTests.swift in Sources */,
			);
			runOnlyForDeploymentPostprocessing = 0;
		};
		614F56E72B11B82000E21FE9 /* Sources */ = {
			isa = PBXSourcesBuildPhase;
			buildActionMask = 2147483647;
			files = (
				614F56F22B11B82000E21FE9 /* VoiceYourTextUITestsLaunchTests.swift in Sources */,
				614F56F02B11B82000E21FE9 /* VoiceYourTextUITests.swift in Sources */,
			);
			runOnlyForDeploymentPostprocessing = 0;
		};
/* End PBXSourcesBuildPhase section */

/* Begin PBXTargetDependency section */
		614F56E32B11B82000E21FE9 /* PBXTargetDependency */ = {
			isa = PBXTargetDependency;
			target = 614F56D02B11B81F00E21FE9 /* VoiceYourText */;
			targetProxy = 614F56E22B11B82000E21FE9 /* PBXContainerItemProxy */;
		};
		614F56ED2B11B82000E21FE9 /* PBXTargetDependency */ = {
			isa = PBXTargetDependency;
			target = 614F56D02B11B81F00E21FE9 /* VoiceYourText */;
			targetProxy = 614F56EC2B11B82000E21FE9 /* PBXContainerItemProxy */;
		};
/* End PBXTargetDependency section */

/* Begin XCBuildConfiguration section */
		614F56F32B11B82000E21FE9 /* Debug */ = {
			isa = XCBuildConfiguration;
			buildSettings = {
				ALWAYS_SEARCH_USER_PATHS = NO;
				ASSETCATALOG_COMPILER_GENERATE_SWIFT_ASSET_SYMBOL_EXTENSIONS = YES;
				CLANG_ANALYZER_NONNULL = YES;
				CLANG_ANALYZER_NUMBER_OBJECT_CONVERSION = YES_AGGRESSIVE;
				CLANG_CXX_LANGUAGE_STANDARD = "gnu++20";
				CLANG_ENABLE_MODULES = YES;
				CLANG_ENABLE_OBJC_ARC = YES;
				CLANG_ENABLE_OBJC_WEAK = YES;
				CLANG_WARN_BLOCK_CAPTURE_AUTORELEASING = YES;
				CLANG_WARN_BOOL_CONVERSION = YES;
				CLANG_WARN_COMMA = YES;
				CLANG_WARN_CONSTANT_CONVERSION = YES;
				CLANG_WARN_DEPRECATED_OBJC_IMPLEMENTATIONS = YES;
				CLANG_WARN_DIRECT_OBJC_ISA_USAGE = YES_ERROR;
				CLANG_WARN_DOCUMENTATION_COMMENTS = YES;
				CLANG_WARN_EMPTY_BODY = YES;
				CLANG_WARN_ENUM_CONVERSION = YES;
				CLANG_WARN_INFINITE_RECURSION = YES;
				CLANG_WARN_INT_CONVERSION = YES;
				CLANG_WARN_NON_LITERAL_NULL_CONVERSION = YES;
				CLANG_WARN_OBJC_IMPLICIT_RETAIN_SELF = YES;
				CLANG_WARN_OBJC_LITERAL_CONVERSION = YES;
				CLANG_WARN_OBJC_ROOT_CLASS = YES_ERROR;
				CLANG_WARN_QUOTED_INCLUDE_IN_FRAMEWORK_HEADER = YES;
				CLANG_WARN_RANGE_LOOP_ANALYSIS = YES;
				CLANG_WARN_STRICT_PROTOTYPES = YES;
				CLANG_WARN_SUSPICIOUS_MOVE = YES;
				CLANG_WARN_UNGUARDED_AVAILABILITY = YES_AGGRESSIVE;
				CLANG_WARN_UNREACHABLE_CODE = YES;
				CLANG_WARN__DUPLICATE_METHOD_MATCH = YES;
				COPY_PHASE_STRIP = NO;
				DEBUG_INFORMATION_FORMAT = dwarf;
				ENABLE_STRICT_OBJC_MSGSEND = YES;
				ENABLE_TESTABILITY = YES;
				ENABLE_USER_SCRIPT_SANDBOXING = YES;
				GCC_C_LANGUAGE_STANDARD = gnu17;
				GCC_DYNAMIC_NO_PIC = NO;
				GCC_NO_COMMON_BLOCKS = YES;
				GCC_OPTIMIZATION_LEVEL = 0;
				GCC_PREPROCESSOR_DEFINITIONS = (
					"DEBUG=1",
					"$(inherited)",
				);
				GCC_WARN_64_TO_32_BIT_CONVERSION = YES;
				GCC_WARN_ABOUT_RETURN_TYPE = YES_ERROR;
				GCC_WARN_UNDECLARED_SELECTOR = YES;
				GCC_WARN_UNINITIALIZED_AUTOS = YES_AGGRESSIVE;
				GCC_WARN_UNUSED_FUNCTION = YES;
				GCC_WARN_UNUSED_VARIABLE = YES;
				IPHONEOS_DEPLOYMENT_TARGET = 17.0;
				LOCALIZATION_PREFERS_STRING_CATALOGS = YES;
				MTL_ENABLE_DEBUG_INFO = INCLUDE_SOURCE;
				MTL_FAST_MATH = YES;
				ONLY_ACTIVE_ARCH = YES;
				SDKROOT = iphoneos;
				SWIFT_ACTIVE_COMPILATION_CONDITIONS = "DEBUG $(inherited)";
				SWIFT_OPTIMIZATION_LEVEL = "-Onone";
			};
			name = Debug;
		};
		614F56F42B11B82000E21FE9 /* Release */ = {
			isa = XCBuildConfiguration;
			buildSettings = {
				ALWAYS_SEARCH_USER_PATHS = NO;
				ASSETCATALOG_COMPILER_GENERATE_SWIFT_ASSET_SYMBOL_EXTENSIONS = YES;
				CLANG_ANALYZER_NONNULL = YES;
				CLANG_ANALYZER_NUMBER_OBJECT_CONVERSION = YES_AGGRESSIVE;
				CLANG_CXX_LANGUAGE_STANDARD = "gnu++20";
				CLANG_ENABLE_MODULES = YES;
				CLANG_ENABLE_OBJC_ARC = YES;
				CLANG_ENABLE_OBJC_WEAK = YES;
				CLANG_WARN_BLOCK_CAPTURE_AUTORELEASING = YES;
				CLANG_WARN_BOOL_CONVERSION = YES;
				CLANG_WARN_COMMA = YES;
				CLANG_WARN_CONSTANT_CONVERSION = YES;
				CLANG_WARN_DEPRECATED_OBJC_IMPLEMENTATIONS = YES;
				CLANG_WARN_DIRECT_OBJC_ISA_USAGE = YES_ERROR;
				CLANG_WARN_DOCUMENTATION_COMMENTS = YES;
				CLANG_WARN_EMPTY_BODY = YES;
				CLANG_WARN_ENUM_CONVERSION = YES;
				CLANG_WARN_INFINITE_RECURSION = YES;
				CLANG_WARN_INT_CONVERSION = YES;
				CLANG_WARN_NON_LITERAL_NULL_CONVERSION = YES;
				CLANG_WARN_OBJC_IMPLICIT_RETAIN_SELF = YES;
				CLANG_WARN_OBJC_LITERAL_CONVERSION = YES;
				CLANG_WARN_OBJC_ROOT_CLASS = YES_ERROR;
				CLANG_WARN_QUOTED_INCLUDE_IN_FRAMEWORK_HEADER = YES;
				CLANG_WARN_RANGE_LOOP_ANALYSIS = YES;
				CLANG_WARN_STRICT_PROTOTYPES = YES;
				CLANG_WARN_SUSPICIOUS_MOVE = YES;
				CLANG_WARN_UNGUARDED_AVAILABILITY = YES_AGGRESSIVE;
				CLANG_WARN_UNREACHABLE_CODE = YES;
				CLANG_WARN__DUPLICATE_METHOD_MATCH = YES;
				COPY_PHASE_STRIP = NO;
				DEBUG_INFORMATION_FORMAT = "dwarf-with-dsym";
				ENABLE_NS_ASSERTIONS = NO;
				ENABLE_STRICT_OBJC_MSGSEND = YES;
				ENABLE_USER_SCRIPT_SANDBOXING = YES;
				GCC_C_LANGUAGE_STANDARD = gnu17;
				GCC_NO_COMMON_BLOCKS = YES;
				GCC_WARN_64_TO_32_BIT_CONVERSION = YES;
				GCC_WARN_ABOUT_RETURN_TYPE = YES_ERROR;
				GCC_WARN_UNDECLARED_SELECTOR = YES;
				GCC_WARN_UNINITIALIZED_AUTOS = YES_AGGRESSIVE;
				GCC_WARN_UNUSED_FUNCTION = YES;
				GCC_WARN_UNUSED_VARIABLE = YES;
				IPHONEOS_DEPLOYMENT_TARGET = 17.0;
				LOCALIZATION_PREFERS_STRING_CATALOGS = YES;
				MTL_ENABLE_DEBUG_INFO = NO;
				MTL_FAST_MATH = YES;
				SDKROOT = iphoneos;
				SWIFT_COMPILATION_MODE = wholemodule;
				VALIDATE_PRODUCT = YES;
			};
			name = Release;
		};
		614F56F62B11B82000E21FE9 /* Debug */ = {
			isa = XCBuildConfiguration;
			buildSettings = {
				ASSETCATALOG_COMPILER_APPICON_NAME = AppIcon;
				ASSETCATALOG_COMPILER_GLOBAL_ACCENT_COLOR_NAME = AccentColor;
				CODE_SIGN_IDENTITY = "Apple Development";
				CODE_SIGN_STYLE = Automatic;
				CURRENT_PROJECT_VERSION = 1;
				DEVELOPMENT_ASSET_PATHS = "\"VoiceYourText/Preview Content\"";
				DEVELOPMENT_TEAM = 4YZQY4C47E;
				ENABLE_PREVIEWS = YES;
				GENERATE_INFOPLIST_FILE = YES;
				INFOPLIST_FILE = VoiceYourText/Info.plist;
				INFOPLIST_KEY_LSApplicationCategoryType = "public.app-category.navigation";
				INFOPLIST_KEY_UIApplicationSceneManifest_Generation = YES;
				INFOPLIST_KEY_UIApplicationSupportsIndirectInputEvents = YES;
				INFOPLIST_KEY_UILaunchScreen_Generation = YES;
				INFOPLIST_KEY_UISupportedInterfaceOrientations_iPad = "UIInterfaceOrientationPortrait UIInterfaceOrientationPortraitUpsideDown UIInterfaceOrientationLandscapeLeft UIInterfaceOrientationLandscapeRight";
				INFOPLIST_KEY_UISupportedInterfaceOrientations_iPhone = "UIInterfaceOrientationPortrait UIInterfaceOrientationLandscapeLeft UIInterfaceOrientationLandscapeRight";
				LD_RUNPATH_SEARCH_PATHS = (
					"$(inherited)",
					"@executable_path/Frameworks",
				);
				MARKETING_VERSION = 0.1.1;
				OTHER_LDFLAGS = "-ObjC";
				PRODUCT_BUNDLE_IDENTIFIER = com.entaku.VoiceYourText;
				PRODUCT_NAME = "$(TARGET_NAME)";
				PROVISIONING_PROFILE_SPECIFIER = "";
				SUPPORTED_PLATFORMS = "iphoneos iphonesimulator";
				SUPPORTS_MACCATALYST = NO;
				SWIFT_EMIT_LOC_STRINGS = YES;
				SWIFT_VERSION = 5.0;
				TARGETED_DEVICE_FAMILY = 1;
			};
			name = Debug;
		};
		614F56F72B11B82000E21FE9 /* Release */ = {
			isa = XCBuildConfiguration;
			buildSettings = {
				ASSETCATALOG_COMPILER_APPICON_NAME = AppIcon;
				ASSETCATALOG_COMPILER_GLOBAL_ACCENT_COLOR_NAME = AccentColor;
				CODE_SIGN_IDENTITY = "Apple Development";
				CODE_SIGN_STYLE = Automatic;
				CURRENT_PROJECT_VERSION = 1;
				DEVELOPMENT_ASSET_PATHS = "\"VoiceYourText/Preview Content\"";
				DEVELOPMENT_TEAM = 4YZQY4C47E;
				ENABLE_PREVIEWS = YES;
				GENERATE_INFOPLIST_FILE = YES;
				INFOPLIST_FILE = VoiceYourText/Info.plist;
				INFOPLIST_KEY_LSApplicationCategoryType = "public.app-category.navigation";
				INFOPLIST_KEY_UIApplicationSceneManifest_Generation = YES;
				INFOPLIST_KEY_UIApplicationSupportsIndirectInputEvents = YES;
				INFOPLIST_KEY_UILaunchScreen_Generation = YES;
				INFOPLIST_KEY_UISupportedInterfaceOrientations_iPad = "UIInterfaceOrientationPortrait UIInterfaceOrientationPortraitUpsideDown UIInterfaceOrientationLandscapeLeft UIInterfaceOrientationLandscapeRight";
				INFOPLIST_KEY_UISupportedInterfaceOrientations_iPhone = "UIInterfaceOrientationPortrait UIInterfaceOrientationLandscapeLeft UIInterfaceOrientationLandscapeRight";
				LD_RUNPATH_SEARCH_PATHS = (
					"$(inherited)",
					"@executable_path/Frameworks",
				);
				MARKETING_VERSION = 0.1.1;
				OTHER_LDFLAGS = "-ObjC";
				PRODUCT_BUNDLE_IDENTIFIER = com.entaku.VoiceYourText;
				PRODUCT_NAME = "$(TARGET_NAME)";
				PROVISIONING_PROFILE_SPECIFIER = "";
				SUPPORTED_PLATFORMS = "iphoneos iphonesimulator";
				SUPPORTS_MACCATALYST = NO;
				SWIFT_EMIT_LOC_STRINGS = YES;
				SWIFT_VERSION = 5.0;
				TARGETED_DEVICE_FAMILY = 1;
			};
			name = Release;
		};
		614F56F92B11B82000E21FE9 /* Debug */ = {
			isa = XCBuildConfiguration;
			buildSettings = {
				ALWAYS_EMBED_SWIFT_STANDARD_LIBRARIES = YES;
				BUNDLE_LOADER = "$(TEST_HOST)";
				CODE_SIGN_STYLE = Automatic;
				CURRENT_PROJECT_VERSION = 1;
				DEVELOPMENT_TEAM = 4YZQY4C47E;
				GENERATE_INFOPLIST_FILE = YES;
				IPHONEOS_DEPLOYMENT_TARGET = 17.0;
				MARKETING_VERSION = 1.0;
				PRODUCT_BUNDLE_IDENTIFIER = com.entaku.VoiceYourTextTests;
				PRODUCT_NAME = "$(TARGET_NAME)";
				SWIFT_EMIT_LOC_STRINGS = NO;
				SWIFT_VERSION = 5.0;
				TARGETED_DEVICE_FAMILY = "1,2";
				TEST_HOST = "$(BUILT_PRODUCTS_DIR)/VoiceYourText.app/$(BUNDLE_EXECUTABLE_FOLDER_PATH)/VoiceYourText";
			};
			name = Debug;
		};
		614F56FA2B11B82000E21FE9 /* Release */ = {
			isa = XCBuildConfiguration;
			buildSettings = {
				ALWAYS_EMBED_SWIFT_STANDARD_LIBRARIES = YES;
				BUNDLE_LOADER = "$(TEST_HOST)";
				CODE_SIGN_STYLE = Automatic;
				CURRENT_PROJECT_VERSION = 1;
				DEVELOPMENT_TEAM = 4YZQY4C47E;
				GENERATE_INFOPLIST_FILE = YES;
				IPHONEOS_DEPLOYMENT_TARGET = 17.0;
				MARKETING_VERSION = 1.0;
				PRODUCT_BUNDLE_IDENTIFIER = com.entaku.VoiceYourTextTests;
				PRODUCT_NAME = "$(TARGET_NAME)";
				SWIFT_EMIT_LOC_STRINGS = NO;
				SWIFT_VERSION = 5.0;
				TARGETED_DEVICE_FAMILY = "1,2";
				TEST_HOST = "$(BUILT_PRODUCTS_DIR)/VoiceYourText.app/$(BUNDLE_EXECUTABLE_FOLDER_PATH)/VoiceYourText";
			};
			name = Release;
		};
		614F56FC2B11B82000E21FE9 /* Debug */ = {
			isa = XCBuildConfiguration;
			buildSettings = {
				ALWAYS_EMBED_SWIFT_STANDARD_LIBRARIES = YES;
				CODE_SIGN_STYLE = Automatic;
				CURRENT_PROJECT_VERSION = 1;
				DEVELOPMENT_TEAM = 4YZQY4C47E;
				GENERATE_INFOPLIST_FILE = YES;
				MARKETING_VERSION = 1.0;
				PRODUCT_BUNDLE_IDENTIFIER = com.entaku.VoiceYourTextUITests;
				PRODUCT_NAME = "$(TARGET_NAME)";
				SWIFT_EMIT_LOC_STRINGS = NO;
				SWIFT_VERSION = 5.0;
				TARGETED_DEVICE_FAMILY = "1,2";
				TEST_TARGET_NAME = VoiceYourText;
			};
			name = Debug;
		};
		614F56FD2B11B82000E21FE9 /* Release */ = {
			isa = XCBuildConfiguration;
			buildSettings = {
				ALWAYS_EMBED_SWIFT_STANDARD_LIBRARIES = YES;
				CODE_SIGN_STYLE = Automatic;
				CURRENT_PROJECT_VERSION = 1;
				DEVELOPMENT_TEAM = 4YZQY4C47E;
				GENERATE_INFOPLIST_FILE = YES;
				MARKETING_VERSION = 1.0;
				PRODUCT_BUNDLE_IDENTIFIER = com.entaku.VoiceYourTextUITests;
				PRODUCT_NAME = "$(TARGET_NAME)";
				SWIFT_EMIT_LOC_STRINGS = NO;
				SWIFT_VERSION = 5.0;
				TARGETED_DEVICE_FAMILY = "1,2";
				TEST_TARGET_NAME = VoiceYourText;
			};
			name = Release;
		};
/* End XCBuildConfiguration section */

/* Begin XCConfigurationList section */
		614F56CC2B11B81F00E21FE9 /* Build configuration list for PBXProject "VoiceYourText" */ = {
			isa = XCConfigurationList;
			buildConfigurations = (
				614F56F32B11B82000E21FE9 /* Debug */,
				614F56F42B11B82000E21FE9 /* Release */,
			);
			defaultConfigurationIsVisible = 0;
			defaultConfigurationName = Release;
		};
		614F56F52B11B82000E21FE9 /* Build configuration list for PBXNativeTarget "VoiceYourText" */ = {
			isa = XCConfigurationList;
			buildConfigurations = (
				614F56F62B11B82000E21FE9 /* Debug */,
				614F56F72B11B82000E21FE9 /* Release */,
			);
			defaultConfigurationIsVisible = 0;
			defaultConfigurationName = Release;
		};
		614F56F82B11B82000E21FE9 /* Build configuration list for PBXNativeTarget "VoiceYourTextTests" */ = {
			isa = XCConfigurationList;
			buildConfigurations = (
				614F56F92B11B82000E21FE9 /* Debug */,
				614F56FA2B11B82000E21FE9 /* Release */,
			);
			defaultConfigurationIsVisible = 0;
			defaultConfigurationName = Release;
		};
		614F56FB2B11B82000E21FE9 /* Build configuration list for PBXNativeTarget "VoiceYourTextUITests" */ = {
			isa = XCConfigurationList;
			buildConfigurations = (
				614F56FC2B11B82000E21FE9 /* Debug */,
				614F56FD2B11B82000E21FE9 /* Release */,
			);
			defaultConfigurationIsVisible = 0;
			defaultConfigurationName = Release;
		};
/* End XCConfigurationList section */

/* Begin XCRemoteSwiftPackageReference section */
		614F56FE2B11D13700E21FE9 /* XCRemoteSwiftPackageReference "firebase-ios-sdk" */ = {
			isa = XCRemoteSwiftPackageReference;
			repositoryURL = "https://github.com/firebase/firebase-ios-sdk";
			requirement = {
				kind = upToNextMajorVersion;
				minimumVersion = 10.18.0;
			};
		};
		614F57092B11EE7C00E21FE9 /* XCRemoteSwiftPackageReference "swift-composable-architecture" */ = {
			isa = XCRemoteSwiftPackageReference;
			repositoryURL = "https://github.com/pointfreeco/swift-composable-architecture.git";
			requirement = {
				kind = exactVersion;
				version = 1.9.0;
			};
		};
		619AE5EE2BAD5AEB00CE4C4C /* XCRemoteSwiftPackageReference "swift-package-manager-google-mobile-ads" */ = {
			isa = XCRemoteSwiftPackageReference;
			repositoryURL = "https://github.com/googleads/swift-package-manager-google-mobile-ads.git";
			requirement = {
				kind = upToNextMajorVersion;
				minimumVersion = 11.2.0;
			};
		};
/* End XCRemoteSwiftPackageReference section */

/* Begin XCSwiftPackageProductDependency section */
		614F56FF2B11D13700E21FE9 /* FirebaseAnalytics */ = {
			isa = XCSwiftPackageProductDependency;
			package = 614F56FE2B11D13700E21FE9 /* XCRemoteSwiftPackageReference "firebase-ios-sdk" */;
			productName = FirebaseAnalytics;
		};
		614F570A2B11EE7C00E21FE9 /* ComposableArchitecture */ = {
			isa = XCSwiftPackageProductDependency;
			package = 614F57092B11EE7C00E21FE9 /* XCRemoteSwiftPackageReference "swift-composable-architecture" */;
			productName = ComposableArchitecture;
		};
		619AE5EF2BAD5AEB00CE4C4C /* GoogleMobileAds */ = {
			isa = XCSwiftPackageProductDependency;
			package = 619AE5EE2BAD5AEB00CE4C4C /* XCRemoteSwiftPackageReference "swift-package-manager-google-mobile-ads" */;
			productName = GoogleMobileAds;
		};
/* End XCSwiftPackageProductDependency section */

/* Begin XCVersionGroup section */
		614F57022B11D91800E21FE9 /* SpeechText.xcdatamodeld */ = {
			isa = XCVersionGroup;
			children = (
				614F57032B11D91800E21FE9 /* SpeechText.xcdatamodel */,
			);
			currentVersion = 614F57032B11D91800E21FE9 /* SpeechText.xcdatamodel */;
			path = SpeechText.xcdatamodeld;
			sourceTree = "<group>";
			versionGroupType = wrapper.xcdatamodel;
		};
/* End XCVersionGroup section */
	};
	rootObject = 614F56C92B11B81F00E21FE9 /* Project object */;
}
